
Microsoft Visual Studio Solution File, Format Version 11.00
# Visual Studio 2010
Project("{FAE04EC0-301F-11D3-BF4B-00C04F79EFBC}") = "DelimitedDataDeserializer", "DelimitedDataDeserializer\DelimitedDataDeserializer.csproj", "{3F25B8B2-571A-42E9-8934-D51C56B2B85D}"
EndProject
Project("{FAE04EC0-301F-11D3-BF4B-00C04F79EFBC}") = "DelimitedDataDeserializer.Tests", "DelimitedDataDeserializer.Tests\DelimitedDataDeserializer.Tests.csproj", "{0C776ABD-10A0-44E2-8FD7-B2A1250E2A12}"
EndProject
Global
	GlobalSection(SolutionConfigurationPlatforms) = preSolution
		Debug|Any CPU = Debug|Any CPU
		Release|Any CPU = Release|Any CPU
	EndGlobalSection
	GlobalSection(ProjectConfigurationPlatforms) = postSolution
		{3F25B8B2-571A-42E9-8934-D51C56B2B85D}.Debug|Any CPU.ActiveCfg = Debug|Any CPU
		{3F25B8B2-571A-42E9-8934-D51C56B2B85D}.Debug|Any CPU.Build.0 = Debug|Any CPU
		{3F25B8B2-571A-42E9-8934-D51C56B2B85D}.Release|Any CPU.ActiveCfg = Release|Any CPU
		{3F25B8B2-571A-42E9-8934-D51C56B2B85D}.Release|Any CPU.Build.0 = Release|Any CPU
		{0C776ABD-10A0-44E2-8FD7-B2A1250E2A12}.Debug|Any CPU.ActiveCfg = Debug|Any CPU
		{0C776ABD-10A0-44E2-8FD7-B2A1250E2A12}.Debug|Any CPU.Build.0 = Debug|Any CPU
		{0C776ABD-10A0-44E2-8FD7-B2A1250E2A12}.Release|Any CPU.ActiveCfg = Release|Any CPU
		{0C776ABD-10A0-44E2-8FD7-B2A1250E2A12}.Release|Any CPU.Build.0 = Release|Any CPU
	EndGlobalSection
	GlobalSection(SolutionProperties) = preSolution
		HideSolutionNode = FALSE
	EndGlobalSection
EndGlobal
